{
  "originHash" : "7d44b07341c26e3e45d5ca498004c95609453d54b5cf58938b7005206990ea5b",
  "pins" : [
    {
      "identity" : "srgenericnetworklayer",
      "kind" : "remoteSourceControl",
      "location" : "https://github.com/siamakrostami/SRGenericNetworkLayer",
      "state" : {
        "revision" : "be63b3509a38b08e841768c1fb26c6a5b95045dc",
        "version" : "1.0.8"
      }
    }
  ],
  "version" : 3
}
