{
  "originHash" : "f206328272d4fe3ae0923af9b496e47fa6779f5f82334ba53f56e9a6136948d7",
  "pins" : [
    {
      "identity" : "srnetworkmanager",
      "kind" : "remoteSourceControl",
      "location" : "https://github.com/siamakrostami/SRNetworkManager",
      "state" : {
        "revision" : "bae1ff6009004f74d676435abd6adffb19a979b8",
        "version" : "1.0.19"
      }
    }
  ],
  "version" : 3
}
