{
  "originHash" : "f206328272d4fe3ae0923af9b496e47fa6779f5f82334ba53f56e9a6136948d7",
  "pins" : [
    {
      "identity" : "srnetworkmanager",
      "kind" : "remoteSourceControl",
      "location" : "https://github.com/siamakrostami/SRNetworkManager",
      "state" : {
        "revision" : "6f840ec8323e0305219b539c9a41dda5dbe4057e",
        "version" : "1.0.17"
      }
    }
  ],
  "version" : 3
}
