{
  "originHash" : "f206328272d4fe3ae0923af9b496e47fa6779f5f82334ba53f56e9a6136948d7",
  "pins" : [
    {
      "identity" : "srnetworkmanager",
      "kind" : "remoteSourceControl",
      "location" : "https://github.com/siamakrostami/SRNetworkManager",
      "state" : {
        "revision" : "2bc0e066a96585956df8d2361b13fb33366ae91a",
        "version" : "1.0.18"
      }
    }
  ],
  "version" : 3
}
