// !$*UTF8*$!
{
	archiveVersion = 1;
	classes = {
	};
	objectVersion = 56;
	objects = {

/* Begin PBXBuildFile section */
		010C6FDA2C67EDCF00311653 /* SRGenericNetworkLayer in Frameworks */ = {isa = PBXBuildFile; productRef = 010C6FD92C67EDCF00311653 /* SRGenericNetworkLayer */; };
		0169BAD92C52C0EC008618CA /* AppDelegate.swift in Sources */ = {isa = PBXBuildFile; fileRef = 0169BAD82C52C0EC008618CA /* AppDelegate.swift */; };
		0169BADB2C52C0EC008618CA /* SceneDelegate.swift in Sources */ = {isa = PBXBuildFile; fileRef = 0169BADA2C52C0EC008618CA /* SceneDelegate.swift */; };
		0169BADD2C52C0EC008618CA /* ViewController.swift in Sources */ = {isa = PBXBuildFile; fileRef = 0169BADC2C52C0EC008618CA /* ViewController.swift */; };
		0169BAE02C52C0EC008618CA /* Base in Resources */ = {isa = PBXBuildFile; fileRef = 0169BADF2C52C0EC008618CA /* Base */; };
		0169BAE22C52C0EE008618CA /* Assets.xcassets in Resources */ = {isa = PBXBuildFile; fileRef = 0169BAE12C52C0EE008618CA /* Assets.xcassets */; };
		0169BAE52C52C0EE008618CA /* Base in Resources */ = {isa = PBXBuildFile; fileRef = 0169BAE42C52C0EE008618CA /* Base */; };
		0169BAF32C52C127008618CA /* Dependency.swift in Sources */ = {isa = PBXBuildFile; fileRef = 0169BAF02C52C127008618CA /* Dependency.swift */; };
		0169BAF42C52C127008618CA /* Inject.swift in Sources */ = {isa = PBXBuildFile; fileRef = 0169BAF12C52C127008618CA /* Inject.swift */; };
		0169BB192C52C12D008618CA /* NetworkInterceptor.swift in Sources */ = {isa = PBXBuildFile; fileRef = 0169BB042C52C12D008618CA /* NetworkInterceptor.swift */; };
		0169BB1A2C52C12D008618CA /* NetworkRepositories.swift in Sources */ = {isa = PBXBuildFile; fileRef = 0169BB062C52C12D008618CA /* NetworkRepositories.swift */; };
		0169BB1B2C52C12D008618CA /* RefreshTokenModel.swift in Sources */ = {isa = PBXBuildFile; fileRef = 0169BB082C52C12D008618CA /* RefreshTokenModel.swift */; };
		0169BB1C2C52C12D008618CA /* RefreshTokenServices.swift in Sources */ = {isa = PBXBuildFile; fileRef = 0169BB0A2C52C12D008618CA /* RefreshTokenServices.swift */; };
		0169BB1F2C52C1E1008618CA /* AppEnvironment.swift in Sources */ = {isa = PBXBuildFile; fileRef = 0169BB1E2C52C1E1008618CA /* AppEnvironment.swift */; };
		0169BB222C52C1ED008618CA /* ‌BaseViewController.swift in Sources */ = {isa = PBXBuildFile; fileRef = 0169BB202C52C1ED008618CA /* ‌BaseViewController.swift */; };
		0169BB232C52C1ED008618CA /* BaseViewModel.swift in Sources */ = {isa = PBXBuildFile; fileRef = 0169BB212C52C1ED008618CA /* BaseViewModel.swift */; };
		0169BB312C52C4EA008618CA /* LoginService.swift in Sources */ = {isa = PBXBuildFile; fileRef = 0169BB2A2C52C4EA008618CA /* LoginService.swift */; };
		0169BB332C52C4EA008618CA /* LoginViewModel.swift in Sources */ = {isa = PBXBuildFile; fileRef = 0169BB2E2C52C4EA008618CA /* LoginViewModel.swift */; };
		0169BB362C52C539008618CA /* UserResponseModel.swift in Sources */ = {isa = PBXBuildFile; fileRef = 0169BB352C52C539008618CA /* UserResponseModel.swift */; };
		0169BB3A2C52C822008618CA /* Data+Extentions.swift in Sources */ = {isa = PBXBuildFile; fileRef = 0169BB392C52C822008618CA /* Data+Extentions.swift */; };
/* End PBXBuildFile section */

/* Begin PBXFileReference section */
		0169BAD52C52C0EC008618CA /* SRNetworkLayer.app */ = {isa = PBXFileReference; explicitFileType = wrapper.application; includeInIndex = 0; path = SRNetworkLayer.app; sourceTree = BUILT_PRODUCTS_DIR; };
		0169BAD82C52C0EC008618CA /* AppDelegate.swift */ = {isa = PBXFileReference; lastKnownFileType = sourcecode.swift; path = AppDelegate.swift; sourceTree = "<group>"; };
		0169BADA2C52C0EC008618CA /* SceneDelegate.swift */ = {isa = PBXFileReference; lastKnownFileType = sourcecode.swift; path = SceneDelegate.swift; sourceTree = "<group>"; };
		0169BADC2C52C0EC008618CA /* ViewController.swift */ = {isa = PBXFileReference; lastKnownFileType = sourcecode.swift; path = ViewController.swift; sourceTree = "<group>"; };
		0169BADF2C52C0EC008618CA /* Base */ = {isa = PBXFileReference; lastKnownFileType = file.storyboard; name = Base; path = Base.lproj/Main.storyboard; sourceTree = "<group>"; };
		0169BAE12C52C0EE008618CA /* Assets.xcassets */ = {isa = PBXFileReference; lastKnownFileType = folder.assetcatalog; path = Assets.xcassets; sourceTree = "<group>"; };
		0169BAE42C52C0EE008618CA /* Base */ = {isa = PBXFileReference; lastKnownFileType = file.storyboard; name = Base; path = Base.lproj/LaunchScreen.storyboard; sourceTree = "<group>"; };
		0169BAE62C52C0EE008618CA /* Info.plist */ = {isa = PBXFileReference; lastKnownFileType = text.plist.xml; path = Info.plist; sourceTree = "<group>"; };
		0169BAF02C52C127008618CA /* Dependency.swift */ = {isa = PBXFileReference; fileEncoding = 4; lastKnownFileType = sourcecode.swift; path = Dependency.swift; sourceTree = "<group>"; };
		0169BAF12C52C127008618CA /* Inject.swift */ = {isa = PBXFileReference; fileEncoding = 4; lastKnownFileType = sourcecode.swift; path = Inject.swift; sourceTree = "<group>"; };
		0169BB042C52C12D008618CA /* NetworkInterceptor.swift */ = {isa = PBXFileReference; fileEncoding = 4; lastKnownFileType = sourcecode.swift; path = NetworkInterceptor.swift; sourceTree = "<group>"; };
		0169BB062C52C12D008618CA /* NetworkRepositories.swift */ = {isa = PBXFileReference; fileEncoding = 4; lastKnownFileType = sourcecode.swift; path = NetworkRepositories.swift; sourceTree = "<group>"; };
		0169BB082C52C12D008618CA /* RefreshTokenModel.swift */ = {isa = PBXFileReference; fileEncoding = 4; lastKnownFileType = sourcecode.swift; path = RefreshTokenModel.swift; sourceTree = "<group>"; };
		0169BB0A2C52C12D008618CA /* RefreshTokenServices.swift */ = {isa = PBXFileReference; fileEncoding = 4; lastKnownFileType = sourcecode.swift; path = RefreshTokenServices.swift; sourceTree = "<group>"; };
		0169BB1E2C52C1E1008618CA /* AppEnvironment.swift */ = {isa = PBXFileReference; fileEncoding = 4; lastKnownFileType = sourcecode.swift; path = AppEnvironment.swift; sourceTree = "<group>"; };
		0169BB202C52C1ED008618CA /* ‌BaseViewController.swift */ = {isa = PBXFileReference; fileEncoding = 4; lastKnownFileType = sourcecode.swift; path = "‌BaseViewController.swift"; sourceTree = "<group>"; };
		0169BB212C52C1ED008618CA /* BaseViewModel.swift */ = {isa = PBXFileReference; fileEncoding = 4; lastKnownFileType = sourcecode.swift; path = BaseViewModel.swift; sourceTree = "<group>"; };
		0169BB2A2C52C4EA008618CA /* LoginService.swift */ = {isa = PBXFileReference; fileEncoding = 4; lastKnownFileType = sourcecode.swift; path = LoginService.swift; sourceTree = "<group>"; };
		0169BB2E2C52C4EA008618CA /* LoginViewModel.swift */ = {isa = PBXFileReference; fileEncoding = 4; lastKnownFileType = sourcecode.swift; path = LoginViewModel.swift; sourceTree = "<group>"; };
		0169BB352C52C539008618CA /* UserResponseModel.swift */ = {isa = PBXFileReference; fileEncoding = 4; lastKnownFileType = sourcecode.swift; path = UserResponseModel.swift; sourceTree = "<group>"; };
		0169BB392C52C822008618CA /* Data+Extentions.swift */ = {isa = PBXFileReference; fileEncoding = 4; lastKnownFileType = sourcecode.swift; path = "Data+Extentions.swift"; sourceTree = "<group>"; };
/* End PBXFileReference section */

/* Begin PBXFrameworksBuildPhase section */
		0169BAD22C52C0EC008618CA /* Frameworks */ = {
			isa = PBXFrameworksBuildPhase;
			buildActionMask = 2147483647;
			files = (
				010C6FDA2C67EDCF00311653 /* SRGenericNetworkLayer in Frameworks */,
			);
			runOnlyForDeploymentPostprocessing = 0;
		};
/* End PBXFrameworksBuildPhase section */

/* Begin PBXGroup section */
		0169BACC2C52C0EC008618CA = {
			isa = PBXGroup;
			children = (
				0169BAD72C52C0EC008618CA /* SRNetworkLayer */,
				0169BAD62C52C0EC008618CA /* Products */,
			);
			sourceTree = "<group>";
		};
		0169BAD62C52C0EC008618CA /* Products */ = {
			isa = PBXGroup;
			children = (
				0169BAD52C52C0EC008618CA /* SRNetworkLayer.app */,
			);
			name = Products;
			sourceTree = "<group>";
		};
		0169BAD72C52C0EC008618CA /* SRNetworkLayer */ = {
			isa = PBXGroup;
			children = (
				0169BB372C52C7FF008618CA /* Extensions */,
				0169BAEC2C52C0F5008618CA /* Application */,
				0169BAEF2C52C116008618CA /* Assets */,
				0169BB1D2C52C1B1008618CA /* Base */,
				0169BAED2C52C0FD008618CA /* Controllers */,
				0169BAEE2C52C105008618CA /* Helpers */,
				0169BAE62C52C0EE008618CA /* Info.plist */,
				0169BB0C2C52C12D008618CA /* Network */,
			);
			path = SRNetworkLayer;
			sourceTree = "<group>";
		};
		0169BAEC2C52C0F5008618CA /* Application */ = {
			isa = PBXGroup;
			children = (
				0169BB1E2C52C1E1008618CA /* AppEnvironment.swift */,
				0169BAD82C52C0EC008618CA /* AppDelegate.swift */,
				0169BADA2C52C0EC008618CA /* SceneDelegate.swift */,
			);
			path = Application;
			sourceTree = "<group>";
		};
		0169BAED2C52C0FD008618CA /* Controllers */ = {
			isa = PBXGroup;
			children = (
				0169BB302C52C4EA008618CA /* Login */,
				0169BADC2C52C0EC008618CA /* ViewController.swift */,
				0169BADE2C52C0EC008618CA /* Main.storyboard */,
			);
			path = Controllers;
			sourceTree = "<group>";
		};
		0169BAEE2C52C105008618CA /* Helpers */ = {
			isa = PBXGroup;
			children = (
				0169BAF22C52C127008618CA /* DependencyInjection */,
			);
			path = Helpers;
			sourceTree = "<group>";
		};
		0169BAEF2C52C116008618CA /* Assets */ = {
			isa = PBXGroup;
			children = (
				0169BAE12C52C0EE008618CA /* Assets.xcassets */,
				0169BAE32C52C0EE008618CA /* LaunchScreen.storyboard */,
			);
			path = Assets;
			sourceTree = "<group>";
		};
		0169BAF22C52C127008618CA /* DependencyInjection */ = {
			isa = PBXGroup;
			children = (
				0169BAF02C52C127008618CA /* Dependency.swift */,
				0169BAF12C52C127008618CA /* Inject.swift */,
			);
			path = DependencyInjection;
			sourceTree = "<group>";
		};
		0169BB052C52C12D008618CA /* Interceptor */ = {
			isa = PBXGroup;
			children = (
				0169BB0B2C52C12D008618CA /* RefreshToken */,
				0169BB042C52C12D008618CA /* NetworkInterceptor.swift */,
			);
			path = Interceptor;
			sourceTree = "<group>";
		};
		0169BB072C52C12D008618CA /* NetworkRepositories */ = {
			isa = PBXGroup;
			children = (
				0169BB062C52C12D008618CA /* NetworkRepositories.swift */,
			);
			path = NetworkRepositories;
			sourceTree = "<group>";
		};
		0169BB092C52C12D008618CA /* Model */ = {
			isa = PBXGroup;
			children = (
				0169BB082C52C12D008618CA /* RefreshTokenModel.swift */,
			);
			path = Model;
			sourceTree = "<group>";
		};
		0169BB0B2C52C12D008618CA /* RefreshToken */ = {
			isa = PBXGroup;
			children = (
				0169BB092C52C12D008618CA /* Model */,
				0169BB0A2C52C12D008618CA /* RefreshTokenServices.swift */,
			);
			path = RefreshToken;
			sourceTree = "<group>";
		};
		0169BB0C2C52C12D008618CA /* Network */ = {
			isa = PBXGroup;
			children = (
				0169BB052C52C12D008618CA /* Interceptor */,
				0169BB072C52C12D008618CA /* NetworkRepositories */,
			);
			path = Network;
			sourceTree = "<group>";
		};
		0169BB1D2C52C1B1008618CA /* Base */ = {
			isa = PBXGroup;
			children = (
				0169BB202C52C1ED008618CA /* ‌BaseViewController.swift */,
				0169BB212C52C1ED008618CA /* BaseViewModel.swift */,
			);
			path = Base;
			sourceTree = "<group>";
		};
		0169BB2B2C52C4EA008618CA /* Services */ = {
			isa = PBXGroup;
			children = (
				0169BB2A2C52C4EA008618CA /* LoginService.swift */,
			);
			path = Services;
			sourceTree = "<group>";
		};
		0169BB2F2C52C4EA008618CA /* ViewModel */ = {
			isa = PBXGroup;
			children = (
				0169BB2E2C52C4EA008618CA /* LoginViewModel.swift */,
			);
			path = ViewModel;
			sourceTree = "<group>";
		};
		0169BB302C52C4EA008618CA /* Login */ = {
			isa = PBXGroup;
			children = (
				0169BB342C52C50A008618CA /* Model */,
				0169BB2B2C52C4EA008618CA /* Services */,
				0169BB2F2C52C4EA008618CA /* ViewModel */,
			);
			path = Login;
			sourceTree = "<group>";
		};
		0169BB342C52C50A008618CA /* Model */ = {
			isa = PBXGroup;
			children = (
				0169BB352C52C539008618CA /* UserResponseModel.swift */,
			);
			path = Model;
			sourceTree = "<group>";
		};
		0169BB372C52C7FF008618CA /* Extensions */ = {
			isa = PBXGroup;
			children = (
				0169BB382C52C809008618CA /* Data */,
			);
			path = Extensions;
			sourceTree = "<group>";
		};
		0169BB382C52C809008618CA /* Data */ = {
			isa = PBXGroup;
			children = (
				0169BB392C52C822008618CA /* Data+Extentions.swift */,
			);
			path = Data;
			sourceTree = "<group>";
		};
/* End PBXGroup section */

/* Begin PBXNativeTarget section */
		0169BAD42C52C0EC008618CA /* SRNetworkLayer */ = {
			isa = PBXNativeTarget;
			buildConfigurationList = 0169BAE92C52C0EE008618CA /* Build configuration list for PBXNativeTarget "SRNetworkLayer" */;
			buildPhases = (
				0169BAD12C52C0EC008618CA /* Sources */,
				0169BAD22C52C0EC008618CA /* Frameworks */,
				0169BAD32C52C0EC008618CA /* Resources */,
			);
			buildRules = (
			);
			dependencies = (
			);
			name = SRNetworkLayer;
			packageProductDependencies = (
				010C6FD92C67EDCF00311653 /* SRGenericNetworkLayer */,
			);
			productName = SRNetworkLayer;
			productReference = 0169BAD52C52C0EC008618CA /* SRNetworkLayer.app */;
			productType = "com.apple.product-type.application";
		};
/* End PBXNativeTarget section */

/* Begin PBXProject section */
		0169BACD2C52C0EC008618CA /* Project object */ = {
			isa = PBXProject;
			attributes = {
				BuildIndependentTargetsInParallel = 1;
				LastSwiftUpdateCheck = 1540;
				LastUpgradeCheck = 1540;
				TargetAttributes = {
					0169BAD42C52C0EC008618CA = {
						CreatedOnToolsVersion = 15.4;
					};
				};
			};
			buildConfigurationList = 0169BAD02C52C0EC008618CA /* Build configuration list for PBXProject "SRNetworkLayer" */;
			compatibilityVersion = "Xcode 14.0";
			developmentRegion = en;
			hasScannedForEncodings = 0;
			knownRegions = (
				en,
				Base,
			);
			mainGroup = 0169BACC2C52C0EC008618CA;
			packageReferences = (
				010C6FD82C67EDCF00311653 /* XCRemoteSwiftPackageReference "SRGenericNetworkLayer" */,
			);
			productRefGroup = 0169BAD62C52C0EC008618CA /* Products */;
			projectDirPath = "";
			projectRoot = "";
			targets = (
				0169BAD42C52C0EC008618CA /* SRNetworkLayer */,
			);
		};
/* End PBXProject section */

/* Begin PBXResourcesBuildPhase section */
		0169BAD32C52C0EC008618CA /* Resources */ = {
			isa = PBXResourcesBuildPhase;
			buildActionMask = 2147483647;
			files = (
				0169BAE22C52C0EE008618CA /* Assets.xcassets in Resources */,
				0169BAE52C52C0EE008618CA /* Base in Resources */,
				0169BAE02C52C0EC008618CA /* Base in Resources */,
			);
			runOnlyForDeploymentPostprocessing = 0;
		};
/* End PBXResourcesBuildPhase section */

/* Begin PBXSourcesBuildPhase section */
		0169BAD12C52C0EC008618CA /* Sources */ = {
			isa = PBXSourcesBuildPhase;
			buildActionMask = 2147483647;
			files = (
				0169BAF42C52C127008618CA /* Inject.swift in Sources */,
				0169BB1A2C52C12D008618CA /* NetworkRepositories.swift in Sources */,
				0169BADD2C52C0EC008618CA /* ViewController.swift in Sources */,
				0169BB232C52C1ED008618CA /* BaseViewModel.swift in Sources */,
				0169BAD92C52C0EC008618CA /* AppDelegate.swift in Sources */,
				0169BB3A2C52C822008618CA /* Data+Extentions.swift in Sources */,
				0169BB192C52C12D008618CA /* NetworkInterceptor.swift in Sources */,
				0169BB1C2C52C12D008618CA /* RefreshTokenServices.swift in Sources */,
				0169BB362C52C539008618CA /* UserResponseModel.swift in Sources */,
				0169BB332C52C4EA008618CA /* LoginViewModel.swift in Sources */,
				0169BAF32C52C127008618CA /* Dependency.swift in Sources */,
				0169BB312C52C4EA008618CA /* LoginService.swift in Sources */,
				0169BB1B2C52C12D008618CA /* RefreshTokenModel.swift in Sources */,
				0169BADB2C52C0EC008618CA /* SceneDelegate.swift in Sources */,
				0169BB222C52C1ED008618CA /* ‌BaseViewController.swift in Sources */,
				0169BB1F2C52C1E1008618CA /* AppEnvironment.swift in Sources */,
			);
			runOnlyForDeploymentPostprocessing = 0;
		};
/* End PBXSourcesBuildPhase section */

/* Begin PBXVariantGroup section */
		0169BADE2C52C0EC008618CA /* Main.storyboard */ = {
			isa = PBXVariantGroup;
			children = (
				0169BADF2C52C0EC008618CA /* Base */,
			);
			name = Main.storyboard;
			sourceTree = "<group>";
		};
		0169BAE32C52C0EE008618CA /* LaunchScreen.storyboard */ = {
			isa = PBXVariantGroup;
			children = (
				0169BAE42C52C0EE008618CA /* Base */,
			);
			name = LaunchScreen.storyboard;
			sourceTree = "<group>";
		};
/* End PBXVariantGroup section */

/* Begin XCBuildConfiguration section */
		0169BAE72C52C0EE008618CA /* Debug */ = {
			isa = XCBuildConfiguration;
			buildSettings = {
				ALWAYS_SEARCH_USER_PATHS = NO;
				ASSETCATALOG_COMPILER_GENERATE_SWIFT_ASSET_SYMBOL_EXTENSIONS = YES;
				CLANG_ANALYZER_NONNULL = YES;
				CLANG_ANALYZER_NUMBER_OBJECT_CONVERSION = YES_AGGRESSIVE;
				CLANG_CXX_LANGUAGE_STANDARD = "gnu++20";
				CLANG_ENABLE_MODULES = YES;
				CLANG_ENABLE_OBJC_ARC = YES;
				CLANG_ENABLE_OBJC_WEAK = YES;
				CLANG_WARN_BLOCK_CAPTURE_AUTORELEASING = YES;
				CLANG_WARN_BOOL_CONVERSION = YES;
				CLANG_WARN_COMMA = YES;
				CLANG_WARN_CONSTANT_CONVERSION = YES;
				CLANG_WARN_DEPRECATED_OBJC_IMPLEMENTATIONS = YES;
				CLANG_WARN_DIRECT_OBJC_ISA_USAGE = YES_ERROR;
				CLANG_WARN_DOCUMENTATION_COMMENTS = YES;
				CLANG_WARN_EMPTY_BODY = YES;
				CLANG_WARN_ENUM_CONVERSION = YES;
				CLANG_WARN_INFINITE_RECURSION = YES;
				CLANG_WARN_INT_CONVERSION = YES;
				CLANG_WARN_NON_LITERAL_NULL_CONVERSION = YES;
				CLANG_WARN_OBJC_IMPLICIT_RETAIN_SELF = YES;
				CLANG_WARN_OBJC_LITERAL_CONVERSION = YES;
				CLANG_WARN_OBJC_ROOT_CLASS = YES_ERROR;
				CLANG_WARN_QUOTED_INCLUDE_IN_FRAMEWORK_HEADER = YES;
				CLANG_WARN_RANGE_LOOP_ANALYSIS = YES;
				CLANG_WARN_STRICT_PROTOTYPES = YES;
				CLANG_WARN_SUSPICIOUS_MOVE = YES;
				CLANG_WARN_UNGUARDED_AVAILABILITY = YES_AGGRESSIVE;
				CLANG_WARN_UNREACHABLE_CODE = YES;
				CLANG_WARN__DUPLICATE_METHOD_MATCH = YES;
				COPY_PHASE_STRIP = NO;
				DEBUG_INFORMATION_FORMAT = dwarf;
				ENABLE_STRICT_OBJC_MSGSEND = YES;
				ENABLE_TESTABILITY = YES;
				ENABLE_USER_SCRIPT_SANDBOXING = YES;
				GCC_C_LANGUAGE_STANDARD = gnu17;
				GCC_DYNAMIC_NO_PIC = NO;
				GCC_NO_COMMON_BLOCKS = YES;
				GCC_OPTIMIZATION_LEVEL = 0;
				GCC_PREPROCESSOR_DEFINITIONS = (
					"DEBUG=1",
					"$(inherited)",
				);
				GCC_WARN_64_TO_32_BIT_CONVERSION = YES;
				GCC_WARN_ABOUT_RETURN_TYPE = YES_ERROR;
				GCC_WARN_UNDECLARED_SELECTOR = YES;
				GCC_WARN_UNINITIALIZED_AUTOS = YES_AGGRESSIVE;
				GCC_WARN_UNUSED_FUNCTION = YES;
				GCC_WARN_UNUSED_VARIABLE = YES;
				IPHONEOS_DEPLOYMENT_TARGET = 17.5;
				LOCALIZATION_PREFERS_STRING_CATALOGS = YES;
				MTL_ENABLE_DEBUG_INFO = INCLUDE_SOURCE;
				MTL_FAST_MATH = YES;
				ONLY_ACTIVE_ARCH = YES;
				SDKROOT = iphoneos;
				SWIFT_ACTIVE_COMPILATION_CONDITIONS = "DEBUG $(inherited)";
				SWIFT_OPTIMIZATION_LEVEL = "-Onone";
			};
			name = Debug;
		};
		0169BAE82C52C0EE008618CA /* Release */ = {
			isa = XCBuildConfiguration;
			buildSettings = {
				ALWAYS_SEARCH_USER_PATHS = NO;
				ASSETCATALOG_COMPILER_GENERATE_SWIFT_ASSET_SYMBOL_EXTENSIONS = YES;
				CLANG_ANALYZER_NONNULL = YES;
				CLANG_ANALYZER_NUMBER_OBJECT_CONVERSION = YES_AGGRESSIVE;
				CLANG_CXX_LANGUAGE_STANDARD = "gnu++20";
				CLANG_ENABLE_MODULES = YES;
				CLANG_ENABLE_OBJC_ARC = YES;
				CLANG_ENABLE_OBJC_WEAK = YES;
				CLANG_WARN_BLOCK_CAPTURE_AUTORELEASING = YES;
				CLANG_WARN_BOOL_CONVERSION = YES;
				CLANG_WARN_COMMA = YES;
				CLANG_WARN_CONSTANT_CONVERSION = YES;
				CLANG_WARN_DEPRECATED_OBJC_IMPLEMENTATIONS = YES;
				CLANG_WARN_DIRECT_OBJC_ISA_USAGE = YES_ERROR;
				CLANG_WARN_DOCUMENTATION_COMMENTS = YES;
				CLANG_WARN_EMPTY_BODY = YES;
				CLANG_WARN_ENUM_CONVERSION = YES;
				CLANG_WARN_INFINITE_RECURSION = YES;
				CLANG_WARN_INT_CONVERSION = YES;
				CLANG_WARN_NON_LITERAL_NULL_CONVERSION = YES;
				CLANG_WARN_OBJC_IMPLICIT_RETAIN_SELF = YES;
				CLANG_WARN_OBJC_LITERAL_CONVERSION = YES;
				CLANG_WARN_OBJC_ROOT_CLASS = YES_ERROR;
				CLANG_WARN_QUOTED_INCLUDE_IN_FRAMEWORK_HEADER = YES;
				CLANG_WARN_RANGE_LOOP_ANALYSIS = YES;
				CLANG_WARN_STRICT_PROTOTYPES = YES;
				CLANG_WARN_SUSPICIOUS_MOVE = YES;
				CLANG_WARN_UNGUARDED_AVAILABILITY = YES_AGGRESSIVE;
				CLANG_WARN_UNREACHABLE_CODE = YES;
				CLANG_WARN__DUPLICATE_METHOD_MATCH = YES;
				COPY_PHASE_STRIP = NO;
				DEBUG_INFORMATION_FORMAT = "dwarf-with-dsym";
				ENABLE_NS_ASSERTIONS = NO;
				ENABLE_STRICT_OBJC_MSGSEND = YES;
				ENABLE_USER_SCRIPT_SANDBOXING = YES;
				GCC_C_LANGUAGE_STANDARD = gnu17;
				GCC_NO_COMMON_BLOCKS = YES;
				GCC_WARN_64_TO_32_BIT_CONVERSION = YES;
				GCC_WARN_ABOUT_RETURN_TYPE = YES_ERROR;
				GCC_WARN_UNDECLARED_SELECTOR = YES;
				GCC_WARN_UNINITIALIZED_AUTOS = YES_AGGRESSIVE;
				GCC_WARN_UNUSED_FUNCTION = YES;
				GCC_WARN_UNUSED_VARIABLE = YES;
				IPHONEOS_DEPLOYMENT_TARGET = 17.5;
				LOCALIZATION_PREFERS_STRING_CATALOGS = YES;
				MTL_ENABLE_DEBUG_INFO = NO;
				MTL_FAST_MATH = YES;
				SDKROOT = iphoneos;
				SWIFT_COMPILATION_MODE = wholemodule;
				VALIDATE_PRODUCT = YES;
			};
			name = Release;
		};
		0169BAEA2C52C0EE008618CA /* Debug */ = {
			isa = XCBuildConfiguration;
			buildSettings = {
				ASSETCATALOG_COMPILER_APPICON_NAME = AppIcon;
				ASSETCATALOG_COMPILER_GLOBAL_ACCENT_COLOR_NAME = AccentColor;
				CODE_SIGN_STYLE = Automatic;
				CURRENT_PROJECT_VERSION = 1;
				GENERATE_INFOPLIST_FILE = YES;
				INFOPLIST_FILE = SRNetworkLayer/Info.plist;
				INFOPLIST_KEY_UIApplicationSupportsIndirectInputEvents = YES;
				INFOPLIST_KEY_UILaunchStoryboardName = LaunchScreen;
				INFOPLIST_KEY_UIMainStoryboardFile = Main;
				INFOPLIST_KEY_UISupportedInterfaceOrientations_iPad = "UIInterfaceOrientationPortrait UIInterfaceOrientationPortraitUpsideDown UIInterfaceOrientationLandscapeLeft UIInterfaceOrientationLandscapeRight";
				INFOPLIST_KEY_UISupportedInterfaceOrientations_iPhone = "UIInterfaceOrientationPortrait UIInterfaceOrientationLandscapeLeft UIInterfaceOrientationLandscapeRight";
				LD_RUNPATH_SEARCH_PATHS = (
					"$(inherited)",
					"@executable_path/Frameworks",
				);
				MARKETING_VERSION = 1.0;
				PRODUCT_BUNDLE_IDENTIFIER = com.siamak.SRNetworkLayer;
				PRODUCT_NAME = "$(TARGET_NAME)";
				SWIFT_EMIT_LOC_STRINGS = YES;
				SWIFT_VERSION = 5.0;
				TARGETED_DEVICE_FAMILY = "1,2";
			};
			name = Debug;
		};
		0169BAEB2C52C0EE008618CA /* Release */ = {
			isa = XCBuildConfiguration;
			buildSettings = {
				ASSETCATALOG_COMPILER_APPICON_NAME = AppIcon;
				ASSETCATALOG_COMPILER_GLOBAL_ACCENT_COLOR_NAME = AccentColor;
				CODE_SIGN_STYLE = Automatic;
				CURRENT_PROJECT_VERSION = 1;
				GENERATE_INFOPLIST_FILE = YES;
				INFOPLIST_FILE = SRNetworkLayer/Info.plist;
				INFOPLIST_KEY_UIApplicationSupportsIndirectInputEvents = YES;
				INFOPLIST_KEY_UILaunchStoryboardName = LaunchScreen;
				INFOPLIST_KEY_UIMainStoryboardFile = Main;
				INFOPLIST_KEY_UISupportedInterfaceOrientations_iPad = "UIInterfaceOrientationPortrait UIInterfaceOrientationPortraitUpsideDown UIInterfaceOrientationLandscapeLeft UIInterfaceOrientationLandscapeRight";
				INFOPLIST_KEY_UISupportedInterfaceOrientations_iPhone = "UIInterfaceOrientationPortrait UIInterfaceOrientationLandscapeLeft UIInterfaceOrientationLandscapeRight";
				LD_RUNPATH_SEARCH_PATHS = (
					"$(inherited)",
					"@executable_path/Frameworks",
				);
				MARKETING_VERSION = 1.0;
				PRODUCT_BUNDLE_IDENTIFIER = com.siamak.SRNetworkLayer;
				PRODUCT_NAME = "$(TARGET_NAME)";
				SWIFT_EMIT_LOC_STRINGS = YES;
				SWIFT_VERSION = 5.0;
				TARGETED_DEVICE_FAMILY = "1,2";
			};
			name = Release;
		};
/* End XCBuildConfiguration section */

/* Begin XCConfigurationList section */
		0169BAD02C52C0EC008618CA /* Build configuration list for PBXProject "SRNetworkLayer" */ = {
			isa = XCConfigurationList;
			buildConfigurations = (
				0169BAE72C52C0EE008618CA /* Debug */,
				0169BAE82C52C0EE008618CA /* Release */,
			);
			defaultConfigurationIsVisible = 0;
			defaultConfigurationName = Release;
		};
		0169BAE92C52C0EE008618CA /* Build configuration list for PBXNativeTarget "SRNetworkLayer" */ = {
			isa = XCConfigurationList;
			buildConfigurations = (
				0169BAEA2C52C0EE008618CA /* Debug */,
				0169BAEB2C52C0EE008618CA /* Release */,
			);
			defaultConfigurationIsVisible = 0;
			defaultConfigurationName = Release;
		};
/* End XCConfigurationList section */

/* Begin XCRemoteSwiftPackageReference section */
		010C6FD82C67EDCF00311653 /* XCRemoteSwiftPackageReference "SRGenericNetworkLayer" */ = {
			isa = XCRemoteSwiftPackageReference;
			repositoryURL = "https://github.com/siamakrostami/SRGenericNetworkLayer";
			requirement = {
				kind = upToNextMinorVersion;
				minimumVersion = 1.0.0;
			};
		};
/* End XCRemoteSwiftPackageReference section */

/* Begin XCSwiftPackageProductDependency section */
		010C6FD92C67EDCF00311653 /* SRGenericNetworkLayer */ = {
			isa = XCSwiftPackageProductDependency;
			package = 010C6FD82C67EDCF00311653 /* XCRemoteSwiftPackageReference "SRGenericNetworkLayer" */;
			productName = SRGenericNetworkLayer;
		};
/* End XCSwiftPackageProductDependency section */
	};
	rootObject = 0169BACD2C52C0EC008618CA /* Project object */;
}
